
Microsoft Visual Studio Solution File, Format Version 12.00
# Visual Studio Version 17
VisualStudioVersion = 17.14.36301.6 d17.14
MinimumVisualStudioVersion = 10.0.40219.1
Project("{FAE04EC0-301F-11D3-BF4B-00C04F79EFBC}") = "NetNine", "NetNine\NetNine.csproj", "{EE68F674-89C9-4696-BC14-04BF7A163525}"
EndProject
Global
	GlobalSection(SolutionConfigurationPlatforms) = preSolution
		Debug|Any CPU = Debug|Any CPU
		Release|Any CPU = Release|Any CPU
	EndGlobalSection
	GlobalSection(ProjectConfigurationPlatforms) = postSolution
		{EE68F674-89C9-4696-BC14-04BF7A163525}.Debug|Any CPU.ActiveCfg = Debug|Any CPU
		{EE68F674-89C9-4696-BC14-04BF7A163525}.Debug|Any CPU.Build.0 = Debug|Any CPU
		{EE68F674-89C9-4696-BC14-04BF7A163525}.Release|Any CPU.ActiveCfg = Release|Any CPU
		{EE68F674-89C9-4696-BC14-04BF7A163525}.Release|Any CPU.Build.0 = Release|Any CPU
	EndGlobalSection
	GlobalSection(SolutionProperties) = preSolution
		HideSolutionNode = FALSE
	EndGlobalSection
	GlobalSection(ExtensibilityGlobals) = postSolution
		SolutionGuid = {E92F53AD-3E55-4252-A76D-F163B82976DE}
	EndGlobalSection
EndGlobal
